
Microsoft Visual Studio Solution File, Format Version 12.00
# Visual Studio Version 17
VisualStudioVersion = 17.8.34330.188
MinimumVisualStudioVersion = 10.0.40219.1
Project("{FAE04EC0-301F-11D3-BF4B-00C04F79EFBC}") = "ContosoUniversity", "ContosoUniversity\ContosoUniversity.csproj", "{1A8ADCE3-B129-4C0B-9295-3E4B0756EABC}"
EndProject
Global
	GlobalSection(SolutionConfigurationPlatforms) = preSolution
		Debug|Any CPU = Debug|Any CPU
		Release|Any CPU = Release|Any CPU
	EndGlobalSection
	GlobalSection(ProjectConfigurationPlatforms) = postSolution
		{1A8ADCE3-B129-4C0B-9295-3E4B0756EABC}.Debug|Any CPU.ActiveCfg = Debug|Any CPU
		{1A8ADCE3-B129-4C0B-9295-3E4B0756EABC}.Debug|Any CPU.Build.0 = Debug|Any CPU
		{1A8ADCE3-B129-4C0B-9295-3E4B0756EABC}.Release|Any CPU.ActiveCfg = Release|Any CPU
		{1A8ADCE3-B129-4C0B-9295-3E4B0756EABC}.Release|Any CPU.Build.0 = Release|Any CPU
	EndGlobalSection
	GlobalSection(SolutionProperties) = preSolution
		HideSolutionNode = FALSE
	EndGlobalSection
	GlobalSection(ExtensibilityGlobals) = postSolution
		SolutionGuid = {08DEA4F1-3AF3-453D-8DB4-4D1509CAA3FA}
	EndGlobalSection
EndGlobal
